// !$*UTF8*$!
{
	archiveVersion = 1;
	classes = {
	};
	objectVersion = 50;
	objects = {

/* Begin PBXBuildFile section */
		DCB4529E2538E06300353C7C /* AppDelegate.swift in Sources */ = {isa = PBXBuildFile; fileRef = DCB4529D2538E06300353C7C /* AppDelegate.swift */; };
		DCB452A02538E06300353C7C /* SceneDelegate.swift in Sources */ = {isa = PBXBuildFile; fileRef = DCB4529F2538E06300353C7C /* SceneDelegate.swift */; };
		DCB452A52538E06300353C7C /* Main.storyboard in Resources */ = {isa = PBXBuildFile; fileRef = DCB452A32538E06300353C7C /* Main.storyboard */; };
		DCB452A72538E06600353C7C /* Assets.xcassets in Resources */ = {isa = PBXBuildFile; fileRef = DCB452A62538E06600353C7C /* Assets.xcassets */; };
		DCB452AA2538E06600353C7C /* LaunchScreen.storyboard in Resources */ = {isa = PBXBuildFile; fileRef = DCB452A82538E06600353C7C /* LaunchScreen.storyboard */; };
		DCB452B42538E11F00353C7C /* TrackViewController.swift in Sources */ = {isa = PBXBuildFile; fileRef = DCB452B32538E11F00353C7C /* TrackViewController.swift */; };
		DCB452B72538E12800353C7C /* ActionViewController.swift in Sources */ = {isa = PBXBuildFile; fileRef = DCB452B62538E12800353C7C /* ActionViewController.swift */; };
		DCB452BD2538E35000353C7C /* SliderViewController.swift in Sources */ = {isa = PBXBuildFile; fileRef = DCB452BC2538E35000353C7C /* SliderViewController.swift */; };
/* End PBXBuildFile section */

/* Begin PBXFileReference section */
		DCB4529A2538E06300353C7C /* Showcase.app */ = {isa = PBXFileReference; explicitFileType = wrapper.application; includeInIndex = 0; path = Showcase.app; sourceTree = BUILT_PRODUCTS_DIR; };
		DCB4529D2538E06300353C7C /* AppDelegate.swift */ = {isa = PBXFileReference; lastKnownFileType = sourcecode.swift; path = AppDelegate.swift; sourceTree = "<group>"; };
		DCB4529F2538E06300353C7C /* SceneDelegate.swift */ = {isa = PBXFileReference; lastKnownFileType = sourcecode.swift; path = SceneDelegate.swift; sourceTree = "<group>"; };
		DCB452A42538E06300353C7C /* Base */ = {isa = PBXFileReference; lastKnownFileType = file.storyboard; name = Base; path = Base.lproj/Main.storyboard; sourceTree = "<group>"; };
		DCB452A62538E06600353C7C /* Assets.xcassets */ = {isa = PBXFileReference; lastKnownFileType = folder.assetcatalog; path = Assets.xcassets; sourceTree = "<group>"; };
		DCB452A92538E06600353C7C /* Base */ = {isa = PBXFileReference; lastKnownFileType = file.storyboard; name = Base; path = Base.lproj/LaunchScreen.storyboard; sourceTree = "<group>"; };
		DCB452AB2538E06600353C7C /* Info.plist */ = {isa = PBXFileReference; lastKnownFileType = text.plist.xml; path = Info.plist; sourceTree = "<group>"; };
		DCB452B32538E11F00353C7C /* TrackViewController.swift */ = {isa = PBXFileReference; lastKnownFileType = sourcecode.swift; path = TrackViewController.swift; sourceTree = "<group>"; };
		DCB452B62538E12800353C7C /* ActionViewController.swift */ = {isa = PBXFileReference; lastKnownFileType = sourcecode.swift; path = ActionViewController.swift; sourceTree = "<group>"; };
		DCB452BC2538E35000353C7C /* SliderViewController.swift */ = {isa = PBXFileReference; lastKnownFileType = sourcecode.swift; path = SliderViewController.swift; sourceTree = "<group>"; };
/* End PBXFileReference section */

/* Begin PBXFrameworksBuildPhase section */
		DCB452972538E06300353C7C /* Frameworks */ = {
			isa = PBXFrameworksBuildPhase;
			buildActionMask = 2147483647;
			files = (
			);
			runOnlyForDeploymentPostprocessing = 0;
		};
/* End PBXFrameworksBuildPhase section */

/* Begin PBXGroup section */
		DCB452912538E06300353C7C = {
			isa = PBXGroup;
			children = (
				DCB4529C2538E06300353C7C /* Showcase */,
				DCB4529B2538E06300353C7C /* Products */,
			);
			sourceTree = "<group>";
		};
		DCB4529B2538E06300353C7C /* Products */ = {
			isa = PBXGroup;
			children = (
				DCB4529A2538E06300353C7C /* Showcase.app */,
			);
			name = Products;
			sourceTree = "<group>";
		};
		DCB4529C2538E06300353C7C /* Showcase */ = {
			isa = PBXGroup;
			children = (
				DCB4529D2538E06300353C7C /* AppDelegate.swift */,
				DCB4529F2538E06300353C7C /* SceneDelegate.swift */,
				DCB452B32538E11F00353C7C /* TrackViewController.swift */,
				DCB452B62538E12800353C7C /* ActionViewController.swift */,
				DCB452BC2538E35000353C7C /* SliderViewController.swift */,
				DCB452A32538E06300353C7C /* Main.storyboard */,
				DCB452A62538E06600353C7C /* Assets.xcassets */,
				DCB452A82538E06600353C7C /* LaunchScreen.storyboard */,
				DCB452AB2538E06600353C7C /* Info.plist */,
			);
			path = Showcase;
			sourceTree = "<group>";
		};
/* End PBXGroup section */

/* Begin PBXNativeTarget section */
		DCB452992538E06300353C7C /* Showcase */ = {
			isa = PBXNativeTarget;
			buildConfigurationList = DCB452AE2538E06600353C7C /* Build configuration list for PBXNativeTarget "Showcase" */;
			buildPhases = (
				DCB452962538E06300353C7C /* Sources */,
				DCB452972538E06300353C7C /* Frameworks */,
				DCB452982538E06300353C7C /* Resources */,
			);
			buildRules = (
			);
			dependencies = (
			);
			name = Showcase;
			productName = Showcase;
			productReference = DCB4529A2538E06300353C7C /* Showcase.app */;
			productType = "com.apple.product-type.application";
		};
/* End PBXNativeTarget section */

/* Begin PBXProject section */
		DCB452922538E06300353C7C /* Project object */ = {
			isa = PBXProject;
			attributes = {
				LastSwiftUpdateCheck = 1210;
				LastUpgradeCheck = 1210;
				TargetAttributes = {
					DCB452992538E06300353C7C = {
						CreatedOnToolsVersion = 12.1;
					};
				};
			};
			buildConfigurationList = DCB452952538E06300353C7C /* Build configuration list for PBXProject "Showcase" */;
			compatibilityVersion = "Xcode 9.3";
			developmentRegion = en;
			hasScannedForEncodings = 0;
			knownRegions = (
				en,
				Base,
			);
			mainGroup = DCB452912538E06300353C7C;
			productRefGroup = DCB4529B2538E06300353C7C /* Products */;
			projectDirPath = "";
			projectRoot = "";
			targets = (
				DCB452992538E06300353C7C /* Showcase */,
			);
		};
/* End PBXProject section */

/* Begin PBXResourcesBuildPhase section */
		DCB452982538E06300353C7C /* Resources */ = {
			isa = PBXResourcesBuildPhase;
			buildActionMask = 2147483647;
			files = (
				DCB452AA2538E06600353C7C /* LaunchScreen.storyboard in Resources */,
				DCB452A72538E06600353C7C /* Assets.xcassets in Resources */,
				DCB452A52538E06300353C7C /* Main.storyboard in Resources */,
			);
			runOnlyForDeploymentPostprocessing = 0;
		};
/* End PBXResourcesBuildPhase section */

/* Begin PBXSourcesBuildPhase section */
		DCB452962538E06300353C7C /* Sources */ = {
			isa = PBXSourcesBuildPhase;
			buildActionMask = 2147483647;
			files = (
				DCB4529E2538E06300353C7C /* AppDelegate.swift in Sources */,
				DCB452BD2538E35000353C7C /* SliderViewController.swift in Sources */,
				DCB452A02538E06300353C7C /* SceneDelegate.swift in Sources */,
				DCB452B72538E12800353C7C /* ActionViewController.swift in Sources */,
				DCB452B42538E11F00353C7C /* TrackViewController.swift in Sources */,
			);
			runOnlyForDeploymentPostprocessing = 0;
		};
/* End PBXSourcesBuildPhase section */

/* Begin PBXVariantGroup section */
		DCB452A32538E06300353C7C /* Main.storyboard */ = {
			isa = PBXVariantGroup;
			children = (
				DCB452A42538E06300353C7C /* Base */,
			);
			name = Main.storyboard;
			sourceTree = "<group>";
		};
		DCB452A82538E06600353C7C /* LaunchScreen.storyboard */ = {
			isa = PBXVariantGroup;
			children = (
				DCB452A92538E06600353C7C /* Base */,
			);
			name = LaunchScreen.storyboard;
			sourceTree = "<group>";
		};
/* End PBXVariantGroup section */

/* Begin XCBuildConfiguration section */
		DCB452AC2538E06600353C7C /* Debug */ = {
			isa = XCBuildConfiguration;
			buildSettings = {
				ALWAYS_SEARCH_USER_PATHS = NO;
				CLANG_ANALYZER_NONNULL = YES;
				CLANG_ANALYZER_NUMBER_OBJECT_CONVERSION = YES_AGGRESSIVE;
				CLANG_CXX_LANGUAGE_STANDARD = "gnu++14";
				CLANG_CXX_LIBRARY = "libc++";
				CLANG_ENABLE_MODULES = YES;
				CLANG_ENABLE_OBJC_ARC = YES;
				CLANG_ENABLE_OBJC_WEAK = YES;
				CLANG_WARN_BLOCK_CAPTURE_AUTORELEASING = YES;
				CLANG_WARN_BOOL_CONVERSION = YES;
				CLANG_WARN_COMMA = YES;
				CLANG_WARN_CONSTANT_CONVERSION = YES;
				CLANG_WARN_DEPRECATED_OBJC_IMPLEMENTATIONS = YES;
				CLANG_WARN_DIRECT_OBJC_ISA_USAGE = YES_ERROR;
				CLANG_WARN_DOCUMENTATION_COMMENTS = YES;
				CLANG_WARN_EMPTY_BODY = YES;
				CLANG_WARN_ENUM_CONVERSION = YES;
				CLANG_WARN_INFINITE_RECURSION = YES;
				CLANG_WARN_INT_CONVERSION = YES;
				CLANG_WARN_NON_LITERAL_NULL_CONVERSION = YES;
				CLANG_WARN_OBJC_IMPLICIT_RETAIN_SELF = YES;
				CLANG_WARN_OBJC_LITERAL_CONVERSION = YES;
				CLANG_WARN_OBJC_ROOT_CLASS = YES_ERROR;
				CLANG_WARN_QUOTED_INCLUDE_IN_FRAMEWORK_HEADER = YES;
				CLANG_WARN_RANGE_LOOP_ANALYSIS = YES;
				CLANG_WARN_STRICT_PROTOTYPES = YES;
				CLANG_WARN_SUSPICIOUS_MOVE = YES;
				CLANG_WARN_UNGUARDED_AVAILABILITY = YES_AGGRESSIVE;
				CLANG_WARN_UNREACHABLE_CODE = YES;
				CLANG_WARN__DUPLICATE_METHOD_MATCH = YES;
				COPY_PHASE_STRIP = NO;
				DEBUG_INFORMATION_FORMAT = dwarf;
				ENABLE_STRICT_OBJC_MSGSEND = YES;
				ENABLE_TESTABILITY = YES;
				GCC_C_LANGUAGE_STANDARD = gnu11;
				GCC_DYNAMIC_NO_PIC = NO;
				GCC_NO_COMMON_BLOCKS = YES;
				GCC_OPTIMIZATION_LEVEL = 0;
				GCC_PREPROCESSOR_DEFINITIONS = (
					"DEBUG=1",
					"$(inherited)",
				);
				GCC_WARN_64_TO_32_BIT_CONVERSION = YES;
				GCC_WARN_ABOUT_RETURN_TYPE = YES_ERROR;
				GCC_WARN_UNDECLARED_SELECTOR = YES;
				GCC_WARN_UNINITIALIZED_AUTOS = YES_AGGRESSIVE;
				GCC_WARN_UNUSED_FUNCTION = YES;
				GCC_WARN_UNUSED_VARIABLE = YES;
				IPHONEOS_DEPLOYMENT_TARGET = 14.1;
				MTL_ENABLE_DEBUG_INFO = INCLUDE_SOURCE;
				MTL_FAST_MATH = YES;
				ONLY_ACTIVE_ARCH = YES;
				SDKROOT = iphoneos;
				SWIFT_ACTIVE_COMPILATION_CONDITIONS = DEBUG;
				SWIFT_OPTIMIZATION_LEVEL = "-Onone";
			};
			name = Debug;
		};
		DCB452AD2538E06600353C7C /* Release */ = {
			isa = XCBuildConfiguration;
			buildSettings = {
				ALWAYS_SEARCH_USER_PATHS = NO;
				CLANG_ANALYZER_NONNULL = YES;
				CLANG_ANALYZER_NUMBER_OBJECT_CONVERSION = YES_AGGRESSIVE;
				CLANG_CXX_LANGUAGE_STANDARD = "gnu++14";
				CLANG_CXX_LIBRARY = "libc++";
				CLANG_ENABLE_MODULES = YES;
				CLANG_ENABLE_OBJC_ARC = YES;
				CLANG_ENABLE_OBJC_WEAK = YES;
				CLANG_WARN_BLOCK_CAPTURE_AUTORELEASING = YES;
				CLANG_WARN_BOOL_CONVERSION = YES;
				CLANG_WARN_COMMA = YES;
				CLANG_WARN_CONSTANT_CONVERSION = YES;
				CLANG_WARN_DEPRECATED_OBJC_IMPLEMENTATIONS = YES;
				CLANG_WARN_DIRECT_OBJC_ISA_USAGE = YES_ERROR;
				CLANG_WARN_DOCUMENTATION_COMMENTS = YES;
				CLANG_WARN_EMPTY_BODY = YES;
				CLANG_WARN_ENUM_CONVERSION = YES;
				CLANG_WARN_INFINITE_RECURSION = YES;
				CLANG_WARN_INT_CONVERSION = YES;
				CLANG_WARN_NON_LITERAL_NULL_CONVERSION = YES;
				CLANG_WARN_OBJC_IMPLICIT_RETAIN_SELF = YES;
				CLANG_WARN_OBJC_LITERAL_CONVERSION = YES;
				CLANG_WARN_OBJC_ROOT_CLASS = YES_ERROR;
				CLANG_WARN_QUOTED_INCLUDE_IN_FRAMEWORK_HEADER = YES;
				CLANG_WARN_RANGE_LOOP_ANALYSIS = YES;
				CLANG_WARN_STRICT_PROTOTYPES = YES;
				CLANG_WARN_SUSPICIOUS_MOVE = YES;
				CLANG_WARN_UNGUARDED_AVAILABILITY = YES_AGGRESSIVE;
				CLANG_WARN_UNREACHABLE_CODE = YES;
				CLANG_WARN__DUPLICATE_METHOD_MATCH = YES;
				COPY_PHASE_STRIP = NO;
				DEBUG_INFORMATION_FORMAT = "dwarf-with-dsym";
				ENABLE_NS_ASSERTIONS = NO;
				ENABLE_STRICT_OBJC_MSGSEND = YES;
				GCC_C_LANGUAGE_STANDARD = gnu11;
				GCC_NO_COMMON_BLOCKS = YES;
				GCC_WARN_64_TO_32_BIT_CONVERSION = YES;
				GCC_WARN_ABOUT_RETURN_TYPE = YES_ERROR;
				GCC_WARN_UNDECLARED_SELECTOR = YES;
				GCC_WARN_UNINITIALIZED_AUTOS = YES_AGGRESSIVE;
				GCC_WARN_UNUSED_FUNCTION = YES;
				GCC_WARN_UNUSED_VARIABLE = YES;
				IPHONEOS_DEPLOYMENT_TARGET = 14.1;
				MTL_ENABLE_DEBUG_INFO = NO;
				MTL_FAST_MATH = YES;
				SDKROOT = iphoneos;
				SWIFT_COMPILATION_MODE = wholemodule;
				SWIFT_OPTIMIZATION_LEVEL = "-O";
				VALIDATE_PRODUCT = YES;
			};
			name = Release;
		};
		DCB452AF2538E06600353C7C /* Debug */ = {
			isa = XCBuildConfiguration;
			buildSettings = {
				ASSETCATALOG_COMPILER_APPICON_NAME = AppIcon;
				ASSETCATALOG_COMPILER_GLOBAL_ACCENT_COLOR_NAME = AccentColor;
				CODE_SIGN_STYLE = Automatic;
				DEVELOPMENT_TEAM = 2ZY3SQBRC4;
				INFOPLIST_FILE = Showcase/Info.plist;
				LD_RUNPATH_SEARCH_PATHS = (
					"$(inherited)",
					"@executable_path/Frameworks",
				);
				PRODUCT_BUNDLE_IDENTIFIER = com.koptev.Showcase;
				PRODUCT_NAME = "$(TARGET_NAME)";
				SWIFT_VERSION = 5.0;
				TARGETED_DEVICE_FAMILY = 1;
			};
			name = Debug;
		};
		DCB452B02538E06600353C7C /* Release */ = {
			isa = XCBuildConfiguration;
			buildSettings = {
				ASSETCATALOG_COMPILER_APPICON_NAME = AppIcon;
				ASSETCATALOG_COMPILER_GLOBAL_ACCENT_COLOR_NAME = AccentColor;
				CODE_SIGN_STYLE = Automatic;
				DEVELOPMENT_TEAM = 2ZY3SQBRC4;
				INFOPLIST_FILE = Showcase/Info.plist;
				LD_RUNPATH_SEARCH_PATHS = (
					"$(inherited)",
					"@executable_path/Frameworks",
				);
				PRODUCT_BUNDLE_IDENTIFIER = com.koptev.Showcase;
				PRODUCT_NAME = "$(TARGET_NAME)";
				SWIFT_VERSION = 5.0;
				TARGETED_DEVICE_FAMILY = 1;
			};
			name = Release;
		};
/* End XCBuildConfiguration section */

/* Begin XCConfigurationList section */
		DCB452952538E06300353C7C /* Build configuration list for PBXProject "Showcase" */ = {
			isa = XCConfigurationList;
			buildConfigurations = (
				DCB452AC2538E06600353C7C /* Debug */,
				DCB452AD2538E06600353C7C /* Release */,
			);
			defaultConfigurationIsVisible = 0;
			defaultConfigurationName = Release;
		};
		DCB452AE2538E06600353C7C /* Build configuration list for PBXNativeTarget "Showcase" */ = {
			isa = XCConfigurationList;
			buildConfigurations = (
				DCB452AF2538E06600353C7C /* Debug */,
				DCB452B02538E06600353C7C /* Release */,
			);
			defaultConfigurationIsVisible = 0;
			defaultConfigurationName = Release;
		};
/* End XCConfigurationList section */
	};
	rootObject = DCB452922538E06300353C7C /* Project object */;
}
